# THIS IS AN AUTOGENERATED FILE. DO NOT EDIT THIS FILE DIRECTLY.
# yarn lockfile v1


"@vant/weapp@^1.10.6":
  version "1.10.6"
  resolved "https://registry.yarnpkg.com/@vant/weapp/-/weapp-1.10.6.tgz#5691c94439160601dc20b95233d16fe93322284c"
  integrity sha512-1IHuolm/dY91YVismO/8xrLbj0s59O4Hcfo6BNXhD5qpTBH/IcjLXnSJ6KpxzcKe6/lXJ/Z1Kyzy6hqFvmB1Bw==
